{
  "version": 4,
  "terraform_version": "1.2.6",
  "serial": 10,
  "lineage": "655d1c71-37c6-7d48-eb94-e93d60ce991f",
  "outputs": {
    "kube_config": {
      "value": "https://759fca7d-73b7-4fe7-96c4-68f5a1f4a96d.k8s.ondigitalocean.com",
      "type": "string"
    }
  },
  "resources": [
    {
      "mode": "managed",
      "type": "digitalocean_kubernetes_cluster",
      "name": "k8s_digodk",
      "provider": "provider[\"registry.terraform.io/digitalocean/digitalocean\"]",
      "instances": [
        {
          "schema_version": 3,
          "attributes": {
            "auto_upgrade": false,
            "cluster_subnet": "10.244.0.0/16",
            "created_at": "2022-08-04 02:11:04 +0000 UTC",
            "endpoint": "https://759fca7d-73b7-4fe7-96c4-68f5a1f4a96d.k8s.ondigitalocean.com",
            "ha": false,
            "id": "759fca7d-73b7-4fe7-96c4-68f5a1f4a96d",
            "ipv4_address": "",
            "kube_config": [
              {
                "client_certificate": "",
                "client_key": "",
                "cluster_ca_certificate": "LS0tLS1CRUdJTiBDRVJUSUZJQ0FURS0tLS0tCk1JSURKekNDQWcrZ0F3SUJBZ0lDQm5Vd0RRWUpLb1pJaHZjTkFRRUxCUUF3TXpFVk1CTUdBMVVFQ2hNTVJHbG4KYVhSaGJFOWpaV0Z1TVJvd0dBWURWUVFERXhGck9ITmhZWE1nUTJ4MWMzUmxjaUJEUVRBZUZ3MHlNakE0TURRdwpNakV4TURWYUZ3MDBNakE0TURRd01qRXhNRFZhTURNeEZUQVRCZ05WQkFvVERFUnBaMmwwWVd4UFkyVmhiakVhCk1CZ0dBMVVFQXhNUmF6aHpZV0Z6SUVOc2RYTjBaWElnUTBFd2dnRWlNQTBHQ1NxR1NJYjNEUUVCQVFVQUE0SUIKRHdBd2dnRUtBb0lCQVFESjc0QklkWk1SMkpyOEtyRWtjMkh6TDRaenVkRVF4V1ZYQWFRWElydlVWc1RGa1MweApPUWUwK05iOTJyYk0rWlp3cjRYSE9xWUs3aDNuR0poeTdLam9CcXlmci9DdUNxK3NQYkZlM1RWQjNIaXd3MGpQCjZaaGEzL0xSdFJ1R0Qwby95enR2VmJsSytmTExUU3pOOWN3NVZNT1RCckZUKzJlL1VBVTVUSlFyaEloNnBUV0wKWGpqNUFNc2NaL1M2NkJjZUIrNENqbE9NUEtrdk1mWm9pSnNkdHdlSmZUSUZYZkg0U3ZHZ0VxbERCNHVPeUFtdApRd1VBVFZtMjEzZmZuNHJrNFcxd2hPWElOZmgzeDBybzJWdEpQYWsyNFVQT1A2V3diNnNjS1lJNDRFVCtOTGd2Ckx4NnBiZlhDenRxZnhMNkxKT0k2bWJNMU9nL25TRlU5bEdDM0FnTUJBQUdqUlRCRE1BNEdBMVVkRHdFQi93UUUKQXdJQmhqQVNCZ05WSFJNQkFmOEVDREFHQVFIL0FnRUFNQjBHQTFVZERnUVdCQlFvaERLRjhGamhock9Gem00cQpackFIcm1ZOGtqQU5CZ2txaGtpRzl3MEJBUXNGQUFPQ0FRRUFVVnRDK3pmekhrNHljYVlRM2U4cFhmQTh1S2YrClBkWi9wTUJ3REtJOS85a00zV1dTTDhtaXRXS0FjVkY3VzJDdUEvMU9DTXJsUlJ0dDY5Y2pNU3FlWXQwNGVmZUsKNU1xZ1YzbFFPVFAzNTNNelhld3REZTBnNjIraDBmVkYyM2hpNkx0dkNTSFkwelBQdkM0WEp2RDJBVlE3cDVuZwpOWk1uVlovVHYwQXhGUndoWlNNUEFuMjFyckpVekdTcXZvdDI0NEFiQlJGRWwyZ3VOTzRVNE1MbDUydDZhZU5ICmExM0RhbjVRNDByK0pmdVdUM2RYMXlBRzg5WmRWNjR6UjF1TUZvaFNpYUFIOWg3bnJNSW5la3dQcUt1ZHVNdkEKUWZHdVNERlR4WWhsMVJ1OUV0MnVJUEJhekkrcGExbmc3ZkgzdzVLZktUbG93VG1XTGFIVW9Tblhwdz09Ci0tLS0tRU5EIENFUlRJRklDQVRFLS0tLS0K",
                "expires_at": "2022-08-11T02:15:57Z",
                "host": "https://759fca7d-73b7-4fe7-96c4-68f5a1f4a96d.k8s.ondigitalocean.com",
                "raw_config": "apiVersion: v1\nkind: Config\nclusters:\n- cluster:\n    certificate-authority-data: LS0tLS1CRUdJTiBDRVJUSUZJQ0FURS0tLS0tCk1JSURKekNDQWcrZ0F3SUJBZ0lDQm5Vd0RRWUpLb1pJaHZjTkFRRUxCUUF3TXpFVk1CTUdBMVVFQ2hNTVJHbG4KYVhSaGJFOWpaV0Z1TVJvd0dBWURWUVFERXhGck9ITmhZWE1nUTJ4MWMzUmxjaUJEUVRBZUZ3MHlNakE0TURRdwpNakV4TURWYUZ3MDBNakE0TURRd01qRXhNRFZhTURNeEZUQVRCZ05WQkFvVERFUnBaMmwwWVd4UFkyVmhiakVhCk1CZ0dBMVVFQXhNUmF6aHpZV0Z6SUVOc2RYTjBaWElnUTBFd2dnRWlNQTBHQ1NxR1NJYjNEUUVCQVFVQUE0SUIKRHdBd2dnRUtBb0lCQVFESjc0QklkWk1SMkpyOEtyRWtjMkh6TDRaenVkRVF4V1ZYQWFRWElydlVWc1RGa1MweApPUWUwK05iOTJyYk0rWlp3cjRYSE9xWUs3aDNuR0poeTdLam9CcXlmci9DdUNxK3NQYkZlM1RWQjNIaXd3MGpQCjZaaGEzL0xSdFJ1R0Qwby95enR2VmJsSytmTExUU3pOOWN3NVZNT1RCckZUKzJlL1VBVTVUSlFyaEloNnBUV0wKWGpqNUFNc2NaL1M2NkJjZUIrNENqbE9NUEtrdk1mWm9pSnNkdHdlSmZUSUZYZkg0U3ZHZ0VxbERCNHVPeUFtdApRd1VBVFZtMjEzZmZuNHJrNFcxd2hPWElOZmgzeDBybzJWdEpQYWsyNFVQT1A2V3diNnNjS1lJNDRFVCtOTGd2Ckx4NnBiZlhDenRxZnhMNkxKT0k2bWJNMU9nL25TRlU5bEdDM0FnTUJBQUdqUlRCRE1BNEdBMVVkRHdFQi93UUUKQXdJQmhqQVNCZ05WSFJNQkFmOEVDREFHQVFIL0FnRUFNQjBHQTFVZERnUVdCQlFvaERLRjhGamhock9Gem00cQpackFIcm1ZOGtqQU5CZ2txaGtpRzl3MEJBUXNGQUFPQ0FRRUFVVnRDK3pmekhrNHljYVlRM2U4cFhmQTh1S2YrClBkWi9wTUJ3REtJOS85a00zV1dTTDhtaXRXS0FjVkY3VzJDdUEvMU9DTXJsUlJ0dDY5Y2pNU3FlWXQwNGVmZUsKNU1xZ1YzbFFPVFAzNTNNelhld3REZTBnNjIraDBmVkYyM2hpNkx0dkNTSFkwelBQdkM0WEp2RDJBVlE3cDVuZwpOWk1uVlovVHYwQXhGUndoWlNNUEFuMjFyckpVekdTcXZvdDI0NEFiQlJGRWwyZ3VOTzRVNE1MbDUydDZhZU5ICmExM0RhbjVRNDByK0pmdVdUM2RYMXlBRzg5WmRWNjR6UjF1TUZvaFNpYUFIOWg3bnJNSW5la3dQcUt1ZHVNdkEKUWZHdVNERlR4WWhsMVJ1OUV0MnVJUEJhekkrcGExbmc3ZkgzdzVLZktUbG93VG1XTGFIVW9Tblhwdz09Ci0tLS0tRU5EIENFUlRJRklDQVRFLS0tLS0K\n    server: https://759fca7d-73b7-4fe7-96c4-68f5a1f4a96d.k8s.ondigitalocean.com\n  name: do-nyc1-digodk\ncontexts:\n- context:\n    cluster: do-nyc1-digodk\n    user: do-nyc1-digodk-admin\n  name: do-nyc1-digodk\ncurrent-context: do-nyc1-digodk\nusers:\n- name: do-nyc1-digodk-admin\n  user:\n    token: dop_v1_77eca570490ed9538d8835953098dc9797c9c51a2fcc667dee8c064d6493dea8\n",
                "token": "dop_v1_77eca570490ed9538d8835953098dc9797c9c51a2fcc667dee8c064d6493dea8"
              }
            ],
            "maintenance_policy": [
              {
                "day": "any",
                "duration": "4h0m0s",
                "start_time": "17:00"
              }
            ],
            "name": "k8s-digodk",
            "node_pool": [
              {
                "actual_node_count": 3,
                "auto_scale": false,
                "id": "fdbbaf1e-c906-432f-84b2-00e76bcfa6b5",
                "labels": {},
                "max_nodes": 0,
                "min_nodes": 0,
                "name": "digodk",
                "node_count": 3,
                "nodes": [
                  {
                    "created_at": "2022-08-04 02:11:04 +0000 UTC",
                    "droplet_id": "311137765",
                    "id": "ccf6f1a6-d375-47d6-a0e9-6e26f913df85",
                    "name": "digodk-7nxus",
                    "status": "running",
                    "updated_at": "2022-08-04 02:12:27 +0000 UTC"
                  },
                  {
                    "created_at": "2022-08-04 02:11:04 +0000 UTC",
                    "droplet_id": "311137767",
                    "id": "26a6af11-de11-4832-815a-38311ee256c6",
                    "name": "digodk-7nxu5",
                    "status": "running",
                    "updated_at": "2022-08-04 02:12:27 +0000 UTC"
                  },
                  {
                    "created_at": "2022-08-04 02:11:04 +0000 UTC",
                    "droplet_id": "311137766",
                    "id": "a11a0584-5864-4642-8143-31127a80c6dd",
                    "name": "digodk-7nxuk",
                    "status": "running",
                    "updated_at": "2022-08-04 02:12:27 +0000 UTC"
                  }
                ],
                "size": "s-2vcpu-2gb",
                "tags": [],
                "taint": []
              }
            ],
            "region": "nyc1",
            "service_subnet": "10.245.0.0/16",
            "status": "running",
            "surge_upgrade": true,
            "tags": [],
            "timeouts": null,
            "updated_at": "2022-08-04 02:32:26 +0000 UTC",
            "urn": "do:kubernetes:759fca7d-73b7-4fe7-96c4-68f5a1f4a96d",
            "version": "1.23.9-do.0",
            "vpc_uuid": "d9ef537e-2a79-4994-9660-1fa11cac5cdc"
          },
          "sensitive_attributes": [],
          "private": "eyJlMmJmYjczMC1lY2FhLTExZTYtOGY4OC0zNDM2M2JjN2M0YzAiOnsiY3JlYXRlIjoxODAwMDAwMDAwMDAwfSwic2NoZW1hX3ZlcnNpb24iOiIzIn0="
        }
      ]
    },
    {
      "mode": "managed",
      "type": "digitalocean_kubernetes_node_pool",
      "name": "digodk-premium",
      "provider": "provider[\"registry.terraform.io/digitalocean/digitalocean\"]",
      "instances": [
        {
          "schema_version": 1,
          "attributes": {
            "actual_node_count": 2,
            "auto_scale": false,
            "cluster_id": "759fca7d-73b7-4fe7-96c4-68f5a1f4a96d",
            "id": "632dfbe4-71f6-477a-bc86-36dc42f53842",
            "labels": {
              "priority": "high",
              "service": "backend"
            },
            "max_nodes": 0,
            "min_nodes": 0,
            "name": "digodk-premiuml",
            "node_count": 2,
            "nodes": [
              {
                "created_at": "2022-08-04 02:29:03 +0000 UTC",
                "droplet_id": "311138779",
                "id": "200f1135-8eb2-4356-acbe-cb9e4e645d8a",
                "name": "digodk-premiuml-7nxqq",
                "status": "running",
                "updated_at": "2022-08-04 02:29:46 +0000 UTC"
              },
              {
                "created_at": "2022-08-04 02:29:03 +0000 UTC",
                "droplet_id": "311138781",
                "id": "761c64d6-1e07-46e2-afcc-e2bfeaf6b646",
                "name": "digodk-premiuml-7nxqf",
                "status": "running",
                "updated_at": "2022-08-04 02:29:46 +0000 UTC"
              }
            ],
            "size": "s-2vcpu-4gb",
            "tags": [],
            "taint": [],
            "timeouts": null
          },
          "sensitive_attributes": [],
          "private": "eyJlMmJmYjczMC1lY2FhLTExZTYtOGY4OC0zNDM2M2JjN2M0YzAiOnsiY3JlYXRlIjoxODAwMDAwMDAwMDAwLCJkZWxldGUiOjE4MDAwMDAwMDAwMDB9LCJzY2hlbWFfdmVyc2lvbiI6IjEifQ==",
          "dependencies": [
            "digitalocean_kubernetes_cluster.k8s_digodk"
          ]
        }
      ]
    }
  ]
}
